
Microsoft Visual Studio Solution File, Format Version 12.00
# Visual Studio 15
VisualStudioVersion = 15.0.27428.2002
MinimumVisualStudioVersion = 10.0.40219.1
Project("{2150E333-8FDC-42A3-9474-1A3956D46DE8}") = "Data", "Data", "{D9A51349-2FC2-40AF-8D4D-D94517B17E63}"
EndProject
Project("{2150E333-8FDC-42A3-9474-1A3956D46DE8}") = "Core", "Core", "{51E9737B-4CC8-4AD7-BBD4-ED47A806C079}"
	ProjectSection(SolutionItems) = preProject
		Data\Core\IRepository.cs = Data\Core\IRepository.cs
		Data\Core\IUnitOfWork.cs = Data\Core\IUnitOfWork.cs
	EndProjectSection
EndProject
Project("{2150E333-8FDC-42A3-9474-1A3956D46DE8}") = "Configurations", "Configurations", "{EEC69ECE-2C31-4191-9C8A-3442C6AC6297}"
EndProject
Project("{2150E333-8FDC-42A3-9474-1A3956D46DE8}") = "Repositories", "Repositories", "{949F2E63-93AC-494E-8873-7FD6A180F6B5}"
EndProject
Project("{2150E333-8FDC-42A3-9474-1A3956D46DE8}") = "UnitOfWork", "UnitOfWork", "{277C7FEE-ACE1-474D-B3CE-88630DE33317}"
	ProjectSection(SolutionItems) = preProject
		Data\UnitOfWork\Context.cs = Data\UnitOfWork\Context.cs
		Data\UnitOfWork\Repository.cs = Data\UnitOfWork\Repository.cs
		Data\UnitOfWork\UnitOfWork.cs = Data\UnitOfWork\UnitOfWork.cs
	EndProjectSection
EndProject
Project("{2150E333-8FDC-42A3-9474-1A3956D46DE8}") = "Domain", "Domain", "{CFAA390F-1132-4221-AE8A-43C34E230816}"
EndProject
Project("{2150E333-8FDC-42A3-9474-1A3956D46DE8}") = "Libraries", "Libraries", "{E6EC03E6-BBB8-461E-AE2F-773A3A2D4886}"
EndProject
Project("{2150E333-8FDC-42A3-9474-1A3956D46DE8}") = "Prism", "Prism", "{84B42A53-54B3-4E8F-B113-33C5AD6DEE45}"
EndProject
Project("{2150E333-8FDC-42A3-9474-1A3956D46DE8}") = "Synergy", "Synergy", "{BA42DD71-2336-4F79-BECA-0F66640D7403}"
EndProject
Project("{2150E333-8FDC-42A3-9474-1A3956D46DE8}") = "net452", "net452", "{15FF9F83-D2E4-42B8-9BF2-D0C19455D73B}"
EndProject
Project("{2150E333-8FDC-42A3-9474-1A3956D46DE8}") = "Shell", "Shell", "{79A62DC0-CF38-4BAD-B8EA-883F67CA207F}"
EndProject
Project("{2150E333-8FDC-42A3-9474-1A3956D46DE8}") = "Tests", "Tests", "{897A4E72-67DF-494C-B684-195581B33B06}"
EndProject
Project("{2150E333-8FDC-42A3-9474-1A3956D46DE8}") = "Modules", "Modules", "{450FFACB-2268-4B3A-9C74-74C88B7C0D01}"
EndProject
Project("{FAE04EC0-301F-11D3-BF4B-00C04F79EFBC}") = "Branches", "Modules\Branches\Branches.csproj", "{401789BA-74E1-4771-B74C-B98041214EDB}"
EndProject
Project("{FAE04EC0-301F-11D3-BF4B-00C04F79EFBC}") = "Company", "Modules\Company\Company.csproj", "{C3ED26F5-9752-4E11-A457-890C88F4E8DF}"
EndProject
Project("{FAE04EC0-301F-11D3-BF4B-00C04F79EFBC}") = "Customers", "Modules\Customers\Customers.csproj", "{231BDFBE-E265-49B4-8887-E7750CFC1831}"
EndProject
Project("{FAE04EC0-301F-11D3-BF4B-00C04F79EFBC}") = "Employees", "Modules\Employees\Employees.csproj", "{96B9DB32-1279-4346-92DD-EEAC1B594A2A}"
EndProject
Project("{FAE04EC0-301F-11D3-BF4B-00C04F79EFBC}") = "Orders", "Modules\Orders\Orders.csproj", "{A4A08976-3E7A-4BAC-A940-D76A4D3023DF}"
EndProject
Project("{FAE04EC0-301F-11D3-BF4B-00C04F79EFBC}") = "Purchases", "Modules\Purchases\Purchases.csproj", "{88E1FD77-3516-4792-8B65-37AE69604B73}"
EndProject
Project("{FAE04EC0-301F-11D3-BF4B-00C04F79EFBC}") = "Reports", "Modules\Reports\Reports.csproj", "{41048E5D-3A41-4842-AB6E-CB10025D2D63}"
EndProject
Project("{FAE04EC0-301F-11D3-BF4B-00C04F79EFBC}") = "Sales", "Modules\Sales\Sales.csproj", "{F94E0038-730E-4626-8783-4E93CCD086A4}"
EndProject
Project("{FAE04EC0-301F-11D3-BF4B-00C04F79EFBC}") = "Stocks", "Modules\Stocks\Stocks.csproj", "{37E57D2B-85D1-4BF8-80C3-8DCF0078963B}"
EndProject
Project("{FAE04EC0-301F-11D3-BF4B-00C04F79EFBC}") = "Suppliers", "Modules\Suppliers\Suppliers.csproj", "{76BAD986-E969-4B89-82CF-0B3432AD7ACE}"
EndProject
Project("{FAE04EC0-301F-11D3-BF4B-00C04F79EFBC}") = "Users", "Modules\Users\Users.csproj", "{A2CE5CED-FE1A-4813-9D64-31334275A2F5}"
EndProject
Project("{FAE04EC0-301F-11D3-BF4B-00C04F79EFBC}") = "Shell", "Shell\Shell.csproj", "{BAD09508-ED50-4DDB-B25D-671FFC9C24F5}"
EndProject
Project("{2150E333-8FDC-42A3-9474-1A3956D46DE8}") = "ModernUI", "ModernUI", "{833810C9-E188-49A8-823E-51EB7B214150}"
	ProjectSection(SolutionItems) = preProject
		..\..\..\Downloads\mui-master\mui-master\1.0\FirstFloor.ModernUI\FirstFloor.ModernUI.App\bin\Debug\FirstFloor.ModernUI.dll = ..\..\..\Downloads\mui-master\mui-master\1.0\FirstFloor.ModernUI\FirstFloor.ModernUI.App\bin\Debug\FirstFloor.ModernUI.dll
		..\..\..\Downloads\mui-master\mui-master\1.0\FirstFloor.ModernUI\FirstFloor.ModernUI.App\bin\Debug\FirstFloor.ModernUI.pdb = ..\..\..\Downloads\mui-master\mui-master\1.0\FirstFloor.ModernUI\FirstFloor.ModernUI.App\bin\Debug\FirstFloor.ModernUI.pdb
		..\..\..\Downloads\mui-master\mui-master\1.0\FirstFloor.ModernUI\FirstFloor.ModernUI.App\bin\Debug\Microsoft.Windows.Shell.dll = ..\..\..\Downloads\mui-master\mui-master\1.0\FirstFloor.ModernUI\FirstFloor.ModernUI.App\bin\Debug\Microsoft.Windows.Shell.dll
	EndProjectSection
EndProject
Global
	GlobalSection(SolutionConfigurationPlatforms) = preSolution
		Debug|Any CPU = Debug|Any CPU
		Debug|x86 = Debug|x86
		Release|Any CPU = Release|Any CPU
		Release|x86 = Release|x86
	EndGlobalSection
	GlobalSection(ProjectConfigurationPlatforms) = postSolution
		{401789BA-74E1-4771-B74C-B98041214EDB}.Debug|Any CPU.ActiveCfg = Debug|Any CPU
		{401789BA-74E1-4771-B74C-B98041214EDB}.Debug|Any CPU.Build.0 = Debug|Any CPU
		{401789BA-74E1-4771-B74C-B98041214EDB}.Debug|x86.ActiveCfg = Debug|x86
		{401789BA-74E1-4771-B74C-B98041214EDB}.Debug|x86.Build.0 = Debug|x86
		{401789BA-74E1-4771-B74C-B98041214EDB}.Release|Any CPU.ActiveCfg = Release|Any CPU
		{401789BA-74E1-4771-B74C-B98041214EDB}.Release|Any CPU.Build.0 = Release|Any CPU
		{401789BA-74E1-4771-B74C-B98041214EDB}.Release|x86.ActiveCfg = Release|x86
		{401789BA-74E1-4771-B74C-B98041214EDB}.Release|x86.Build.0 = Release|x86
		{C3ED26F5-9752-4E11-A457-890C88F4E8DF}.Debug|Any CPU.ActiveCfg = Debug|Any CPU
		{C3ED26F5-9752-4E11-A457-890C88F4E8DF}.Debug|Any CPU.Build.0 = Debug|Any CPU
		{C3ED26F5-9752-4E11-A457-890C88F4E8DF}.Debug|x86.ActiveCfg = Debug|x86
		{C3ED26F5-9752-4E11-A457-890C88F4E8DF}.Debug|x86.Build.0 = Debug|x86
		{C3ED26F5-9752-4E11-A457-890C88F4E8DF}.Release|Any CPU.ActiveCfg = Release|Any CPU
		{C3ED26F5-9752-4E11-A457-890C88F4E8DF}.Release|Any CPU.Build.0 = Release|Any CPU
		{C3ED26F5-9752-4E11-A457-890C88F4E8DF}.Release|x86.ActiveCfg = Release|x86
		{C3ED26F5-9752-4E11-A457-890C88F4E8DF}.Release|x86.Build.0 = Release|x86
		{231BDFBE-E265-49B4-8887-E7750CFC1831}.Debug|Any CPU.ActiveCfg = Debug|Any CPU
		{231BDFBE-E265-49B4-8887-E7750CFC1831}.Debug|Any CPU.Build.0 = Debug|Any CPU
		{231BDFBE-E265-49B4-8887-E7750CFC1831}.Debug|x86.ActiveCfg = Debug|x86
		{231BDFBE-E265-49B4-8887-E7750CFC1831}.Debug|x86.Build.0 = Debug|x86
		{231BDFBE-E265-49B4-8887-E7750CFC1831}.Release|Any CPU.ActiveCfg = Release|Any CPU
		{231BDFBE-E265-49B4-8887-E7750CFC1831}.Release|Any CPU.Build.0 = Release|Any CPU
		{231BDFBE-E265-49B4-8887-E7750CFC1831}.Release|x86.ActiveCfg = Release|x86
		{231BDFBE-E265-49B4-8887-E7750CFC1831}.Release|x86.Build.0 = Release|x86
		{96B9DB32-1279-4346-92DD-EEAC1B594A2A}.Debug|Any CPU.ActiveCfg = Debug|Any CPU
		{96B9DB32-1279-4346-92DD-EEAC1B594A2A}.Debug|Any CPU.Build.0 = Debug|Any CPU
		{96B9DB32-1279-4346-92DD-EEAC1B594A2A}.Debug|x86.ActiveCfg = Debug|x86
		{96B9DB32-1279-4346-92DD-EEAC1B594A2A}.Debug|x86.Build.0 = Debug|x86
		{96B9DB32-1279-4346-92DD-EEAC1B594A2A}.Release|Any CPU.ActiveCfg = Release|Any CPU
		{96B9DB32-1279-4346-92DD-EEAC1B594A2A}.Release|Any CPU.Build.0 = Release|Any CPU
		{96B9DB32-1279-4346-92DD-EEAC1B594A2A}.Release|x86.ActiveCfg = Release|x86
		{96B9DB32-1279-4346-92DD-EEAC1B594A2A}.Release|x86.Build.0 = Release|x86
		{A4A08976-3E7A-4BAC-A940-D76A4D3023DF}.Debug|Any CPU.ActiveCfg = Debug|Any CPU
		{A4A08976-3E7A-4BAC-A940-D76A4D3023DF}.Debug|Any CPU.Build.0 = Debug|Any CPU
		{A4A08976-3E7A-4BAC-A940-D76A4D3023DF}.Debug|x86.ActiveCfg = Debug|x86
		{A4A08976-3E7A-4BAC-A940-D76A4D3023DF}.Debug|x86.Build.0 = Debug|x86
		{A4A08976-3E7A-4BAC-A940-D76A4D3023DF}.Release|Any CPU.ActiveCfg = Release|Any CPU
		{A4A08976-3E7A-4BAC-A940-D76A4D3023DF}.Release|Any CPU.Build.0 = Release|Any CPU
		{A4A08976-3E7A-4BAC-A940-D76A4D3023DF}.Release|x86.ActiveCfg = Release|x86
		{A4A08976-3E7A-4BAC-A940-D76A4D3023DF}.Release|x86.Build.0 = Release|x86
		{88E1FD77-3516-4792-8B65-37AE69604B73}.Debug|Any CPU.ActiveCfg = Debug|Any CPU
		{88E1FD77-3516-4792-8B65-37AE69604B73}.Debug|Any CPU.Build.0 = Debug|Any CPU
		{88E1FD77-3516-4792-8B65-37AE69604B73}.Debug|x86.ActiveCfg = Debug|x86
		{88E1FD77-3516-4792-8B65-37AE69604B73}.Debug|x86.Build.0 = Debug|x86
		{88E1FD77-3516-4792-8B65-37AE69604B73}.Release|Any CPU.ActiveCfg = Release|Any CPU
		{88E1FD77-3516-4792-8B65-37AE69604B73}.Release|Any CPU.Build.0 = Release|Any CPU
		{88E1FD77-3516-4792-8B65-37AE69604B73}.Release|x86.ActiveCfg = Release|x86
		{88E1FD77-3516-4792-8B65-37AE69604B73}.Release|x86.Build.0 = Release|x86
		{41048E5D-3A41-4842-AB6E-CB10025D2D63}.Debug|Any CPU.ActiveCfg = Debug|Any CPU
		{41048E5D-3A41-4842-AB6E-CB10025D2D63}.Debug|Any CPU.Build.0 = Debug|Any CPU
		{41048E5D-3A41-4842-AB6E-CB10025D2D63}.Debug|x86.ActiveCfg = Debug|x86
		{41048E5D-3A41-4842-AB6E-CB10025D2D63}.Debug|x86.Build.0 = Debug|x86
		{41048E5D-3A41-4842-AB6E-CB10025D2D63}.Release|Any CPU.ActiveCfg = Release|Any CPU
		{41048E5D-3A41-4842-AB6E-CB10025D2D63}.Release|Any CPU.Build.0 = Release|Any CPU
		{41048E5D-3A41-4842-AB6E-CB10025D2D63}.Release|x86.ActiveCfg = Release|x86
		{41048E5D-3A41-4842-AB6E-CB10025D2D63}.Release|x86.Build.0 = Release|x86
		{F94E0038-730E-4626-8783-4E93CCD086A4}.Debug|Any CPU.ActiveCfg = Debug|Any CPU
		{F94E0038-730E-4626-8783-4E93CCD086A4}.Debug|Any CPU.Build.0 = Debug|Any CPU
		{F94E0038-730E-4626-8783-4E93CCD086A4}.Debug|x86.ActiveCfg = Debug|x86
		{F94E0038-730E-4626-8783-4E93CCD086A4}.Debug|x86.Build.0 = Debug|x86
		{F94E0038-730E-4626-8783-4E93CCD086A4}.Release|Any CPU.ActiveCfg = Release|Any CPU
		{F94E0038-730E-4626-8783-4E93CCD086A4}.Release|Any CPU.Build.0 = Release|Any CPU
		{F94E0038-730E-4626-8783-4E93CCD086A4}.Release|x86.ActiveCfg = Release|x86
		{F94E0038-730E-4626-8783-4E93CCD086A4}.Release|x86.Build.0 = Release|x86
		{37E57D2B-85D1-4BF8-80C3-8DCF0078963B}.Debug|Any CPU.ActiveCfg = Debug|Any CPU
		{37E57D2B-85D1-4BF8-80C3-8DCF0078963B}.Debug|Any CPU.Build.0 = Debug|Any CPU
		{37E57D2B-85D1-4BF8-80C3-8DCF0078963B}.Debug|x86.ActiveCfg = Debug|x86
		{37E57D2B-85D1-4BF8-80C3-8DCF0078963B}.Debug|x86.Build.0 = Debug|x86
		{37E57D2B-85D1-4BF8-80C3-8DCF0078963B}.Release|Any CPU.ActiveCfg = Release|Any CPU
		{37E57D2B-85D1-4BF8-80C3-8DCF0078963B}.Release|Any CPU.Build.0 = Release|Any CPU
		{37E57D2B-85D1-4BF8-80C3-8DCF0078963B}.Release|x86.ActiveCfg = Release|x86
		{37E57D2B-85D1-4BF8-80C3-8DCF0078963B}.Release|x86.Build.0 = Release|x86
		{76BAD986-E969-4B89-82CF-0B3432AD7ACE}.Debug|Any CPU.ActiveCfg = Debug|Any CPU
		{76BAD986-E969-4B89-82CF-0B3432AD7ACE}.Debug|Any CPU.Build.0 = Debug|Any CPU
		{76BAD986-E969-4B89-82CF-0B3432AD7ACE}.Debug|x86.ActiveCfg = Debug|x86
		{76BAD986-E969-4B89-82CF-0B3432AD7ACE}.Debug|x86.Build.0 = Debug|x86
		{76BAD986-E969-4B89-82CF-0B3432AD7ACE}.Release|Any CPU.ActiveCfg = Release|Any CPU
		{76BAD986-E969-4B89-82CF-0B3432AD7ACE}.Release|Any CPU.Build.0 = Release|Any CPU
		{76BAD986-E969-4B89-82CF-0B3432AD7ACE}.Release|x86.ActiveCfg = Release|x86
		{76BAD986-E969-4B89-82CF-0B3432AD7ACE}.Release|x86.Build.0 = Release|x86
		{A2CE5CED-FE1A-4813-9D64-31334275A2F5}.Debug|Any CPU.ActiveCfg = Debug|Any CPU
		{A2CE5CED-FE1A-4813-9D64-31334275A2F5}.Debug|Any CPU.Build.0 = Debug|Any CPU
		{A2CE5CED-FE1A-4813-9D64-31334275A2F5}.Debug|x86.ActiveCfg = Debug|x86
		{A2CE5CED-FE1A-4813-9D64-31334275A2F5}.Debug|x86.Build.0 = Debug|x86
		{A2CE5CED-FE1A-4813-9D64-31334275A2F5}.Release|Any CPU.ActiveCfg = Release|Any CPU
		{A2CE5CED-FE1A-4813-9D64-31334275A2F5}.Release|Any CPU.Build.0 = Release|Any CPU
		{A2CE5CED-FE1A-4813-9D64-31334275A2F5}.Release|x86.ActiveCfg = Release|x86
		{A2CE5CED-FE1A-4813-9D64-31334275A2F5}.Release|x86.Build.0 = Release|x86
		{BAD09508-ED50-4DDB-B25D-671FFC9C24F5}.Debug|Any CPU.ActiveCfg = Debug|Any CPU
		{BAD09508-ED50-4DDB-B25D-671FFC9C24F5}.Debug|Any CPU.Build.0 = Debug|Any CPU
		{BAD09508-ED50-4DDB-B25D-671FFC9C24F5}.Debug|x86.ActiveCfg = Debug|x86
		{BAD09508-ED50-4DDB-B25D-671FFC9C24F5}.Debug|x86.Build.0 = Debug|x86
		{BAD09508-ED50-4DDB-B25D-671FFC9C24F5}.Release|Any CPU.ActiveCfg = Release|Any CPU
		{BAD09508-ED50-4DDB-B25D-671FFC9C24F5}.Release|Any CPU.Build.0 = Release|Any CPU
		{BAD09508-ED50-4DDB-B25D-671FFC9C24F5}.Release|x86.ActiveCfg = Release|x86
		{BAD09508-ED50-4DDB-B25D-671FFC9C24F5}.Release|x86.Build.0 = Release|x86
	EndGlobalSection
	GlobalSection(SolutionProperties) = preSolution
		HideSolutionNode = FALSE
	EndGlobalSection
	GlobalSection(NestedProjects) = preSolution
		{51E9737B-4CC8-4AD7-BBD4-ED47A806C079} = {D9A51349-2FC2-40AF-8D4D-D94517B17E63}
		{EEC69ECE-2C31-4191-9C8A-3442C6AC6297} = {D9A51349-2FC2-40AF-8D4D-D94517B17E63}
		{949F2E63-93AC-494E-8873-7FD6A180F6B5} = {D9A51349-2FC2-40AF-8D4D-D94517B17E63}
		{277C7FEE-ACE1-474D-B3CE-88630DE33317} = {D9A51349-2FC2-40AF-8D4D-D94517B17E63}
		{CFAA390F-1132-4221-AE8A-43C34E230816} = {D9A51349-2FC2-40AF-8D4D-D94517B17E63}
		{84B42A53-54B3-4E8F-B113-33C5AD6DEE45} = {E6EC03E6-BBB8-461E-AE2F-773A3A2D4886}
		{BA42DD71-2336-4F79-BECA-0F66640D7403} = {E6EC03E6-BBB8-461E-AE2F-773A3A2D4886}
		{15FF9F83-D2E4-42B8-9BF2-D0C19455D73B} = {84B42A53-54B3-4E8F-B113-33C5AD6DEE45}
		{401789BA-74E1-4771-B74C-B98041214EDB} = {450FFACB-2268-4B3A-9C74-74C88B7C0D01}
		{C3ED26F5-9752-4E11-A457-890C88F4E8DF} = {450FFACB-2268-4B3A-9C74-74C88B7C0D01}
		{231BDFBE-E265-49B4-8887-E7750CFC1831} = {450FFACB-2268-4B3A-9C74-74C88B7C0D01}
		{96B9DB32-1279-4346-92DD-EEAC1B594A2A} = {450FFACB-2268-4B3A-9C74-74C88B7C0D01}
		{A4A08976-3E7A-4BAC-A940-D76A4D3023DF} = {450FFACB-2268-4B3A-9C74-74C88B7C0D01}
		{88E1FD77-3516-4792-8B65-37AE69604B73} = {450FFACB-2268-4B3A-9C74-74C88B7C0D01}
		{41048E5D-3A41-4842-AB6E-CB10025D2D63} = {450FFACB-2268-4B3A-9C74-74C88B7C0D01}
		{F94E0038-730E-4626-8783-4E93CCD086A4} = {450FFACB-2268-4B3A-9C74-74C88B7C0D01}
		{37E57D2B-85D1-4BF8-80C3-8DCF0078963B} = {450FFACB-2268-4B3A-9C74-74C88B7C0D01}
		{76BAD986-E969-4B89-82CF-0B3432AD7ACE} = {450FFACB-2268-4B3A-9C74-74C88B7C0D01}
		{A2CE5CED-FE1A-4813-9D64-31334275A2F5} = {450FFACB-2268-4B3A-9C74-74C88B7C0D01}
		{BAD09508-ED50-4DDB-B25D-671FFC9C24F5} = {79A62DC0-CF38-4BAD-B8EA-883F67CA207F}
		{833810C9-E188-49A8-823E-51EB7B214150} = {E6EC03E6-BBB8-461E-AE2F-773A3A2D4886}
	EndGlobalSection
	GlobalSection(ExtensibilityGlobals) = postSolution
		SolutionGuid = {8E9FD721-C36B-42DF-8E7A-4D6F1915E11C}
	EndGlobalSection
EndGlobal
