
Microsoft Visual Studio Solution File, Format Version 12.00
# Visual Studio 15
VisualStudioVersion = 15.0.27428.2002
MinimumVisualStudioVersion = 10.0.40219.1
Project("{2150E333-8FDC-42A3-9474-1A3956D46DE8}") = "Data", "Data", "{D9A51349-2FC2-40AF-8D4D-D94517B17E63}"
EndProject
Project("{2150E333-8FDC-42A3-9474-1A3956D46DE8}") = "Libraries", "Libraries", "{E6EC03E6-BBB8-461E-AE2F-773A3A2D4886}"
EndProject
Project("{2150E333-8FDC-42A3-9474-1A3956D46DE8}") = "Prism", "Prism", "{84B42A53-54B3-4E8F-B113-33C5AD6DEE45}"
EndProject
Project("{2150E333-8FDC-42A3-9474-1A3956D46DE8}") = "Synergy", "Synergy", "{BA42DD71-2336-4F79-BECA-0F66640D7403}"
	ProjectSection(SolutionItems) = preProject
		Libraries\Synergy\MixModes.Synergy.Resources.dll = Libraries\Synergy\MixModes.Synergy.Resources.dll
		Libraries\Synergy\MixModes.Synergy.Themes.dll = Libraries\Synergy\MixModes.Synergy.Themes.dll
		Libraries\Synergy\MixModes.Synergy.Utilities.dll = Libraries\Synergy\MixModes.Synergy.Utilities.dll
		Libraries\Synergy\MixModes.Synergy.VisualFramework.dll = Libraries\Synergy\MixModes.Synergy.VisualFramework.dll
	EndProjectSection
EndProject
Project("{2150E333-8FDC-42A3-9474-1A3956D46DE8}") = "net452", "net452", "{15FF9F83-D2E4-42B8-9BF2-D0C19455D73B}"
	ProjectSection(SolutionItems) = preProject
		Libraries\Prism\Net452\Microsoft.Practices.ServiceLocation.dll = Libraries\Prism\Net452\Microsoft.Practices.ServiceLocation.dll
		Libraries\Prism\Net452\Microsoft.Practices.Unity.Configuration.dll = Libraries\Prism\Net452\Microsoft.Practices.Unity.Configuration.dll
		Libraries\Prism\Net452\Microsoft.Practices.Unity.dll = Libraries\Prism\Net452\Microsoft.Practices.Unity.dll
		Libraries\Prism\Net452\Microsoft.Practices.Unity.RegistrationByConvention.dll = Libraries\Prism\Net452\Microsoft.Practices.Unity.RegistrationByConvention.dll
		Libraries\Prism\Net452\Prism.dll = Libraries\Prism\Net452\Prism.dll
		Libraries\Prism\Net452\Prism.Unity.Windows.dll = Libraries\Prism\Net452\Prism.Unity.Windows.dll
		Libraries\Prism\Net452\Prism.Unity.Wpf.dll = Libraries\Prism\Net452\Prism.Unity.Wpf.dll
		Libraries\Prism\Net452\Prism.Wpf.dll = Libraries\Prism\Net452\Prism.Wpf.dll
		Libraries\Prism\Net452\System.Windows.Interactivity.dll = Libraries\Prism\Net452\System.Windows.Interactivity.dll
	EndProjectSection
EndProject
Project("{2150E333-8FDC-42A3-9474-1A3956D46DE8}") = "Shell", "Shell", "{79A62DC0-CF38-4BAD-B8EA-883F67CA207F}"
EndProject
Project("{2150E333-8FDC-42A3-9474-1A3956D46DE8}") = "Tests", "Tests", "{897A4E72-67DF-494C-B684-195581B33B06}"
EndProject
Project("{2150E333-8FDC-42A3-9474-1A3956D46DE8}") = "Modules", "Modules", "{450FFACB-2268-4B3A-9C74-74C88B7C0D01}"
EndProject
Project("{FAE04EC0-301F-11D3-BF4B-00C04F79EFBC}") = "Branches", "Modules\Branches\Branches.csproj", "{401789BA-74E1-4771-B74C-B98041214EDB}"
EndProject
Project("{FAE04EC0-301F-11D3-BF4B-00C04F79EFBC}") = "Company", "Modules\Company\Company.csproj", "{C3ED26F5-9752-4E11-A457-890C88F4E8DF}"
EndProject
Project("{FAE04EC0-301F-11D3-BF4B-00C04F79EFBC}") = "Employees", "Modules\Employees\Employees.csproj", "{96B9DB32-1279-4346-92DD-EEAC1B594A2A}"
EndProject
Project("{FAE04EC0-301F-11D3-BF4B-00C04F79EFBC}") = "Orders", "Modules\Orders\Orders.csproj", "{A4A08976-3E7A-4BAC-A940-D76A4D3023DF}"
EndProject
Project("{FAE04EC0-301F-11D3-BF4B-00C04F79EFBC}") = "Purchases", "Modules\Purchases\Purchases.csproj", "{88E1FD77-3516-4792-8B65-37AE69604B73}"
EndProject
Project("{FAE04EC0-301F-11D3-BF4B-00C04F79EFBC}") = "Reports", "Modules\Reports\Reports.csproj", "{41048E5D-3A41-4842-AB6E-CB10025D2D63}"
EndProject
Project("{FAE04EC0-301F-11D3-BF4B-00C04F79EFBC}") = "Sales", "Modules\Sales\Sales.csproj", "{F94E0038-730E-4626-8783-4E93CCD086A4}"
EndProject
Project("{FAE04EC0-301F-11D3-BF4B-00C04F79EFBC}") = "Stocks", "Modules\Stocks\Stocks.csproj", "{37E57D2B-85D1-4BF8-80C3-8DCF0078963B}"
EndProject
Project("{FAE04EC0-301F-11D3-BF4B-00C04F79EFBC}") = "Suppliers", "Modules\Suppliers\Suppliers.csproj", "{76BAD986-E969-4B89-82CF-0B3432AD7ACE}"
EndProject
Project("{FAE04EC0-301F-11D3-BF4B-00C04F79EFBC}") = "Users", "Modules\Users\Users.csproj", "{A2CE5CED-FE1A-4813-9D64-31334275A2F5}"
EndProject
Project("{FAE04EC0-301F-11D3-BF4B-00C04F79EFBC}") = "MyApp", "Shell\MyApp.csproj", "{BAD09508-ED50-4DDB-B25D-671FFC9C24F5}"
EndProject
Project("{2150E333-8FDC-42A3-9474-1A3956D46DE8}") = "ModernUI", "ModernUI", "{833810C9-E188-49A8-823E-51EB7B214150}"
	ProjectSection(SolutionItems) = preProject
		..\..\..\Downloads\mui-master\mui-master\1.0\FirstFloor.ModernUI\FirstFloor.ModernUI.App\bin\Debug\FirstFloor.ModernUI.dll = ..\..\..\Downloads\mui-master\mui-master\1.0\FirstFloor.ModernUI\FirstFloor.ModernUI.App\bin\Debug\FirstFloor.ModernUI.dll
		..\..\..\Downloads\mui-master\mui-master\1.0\FirstFloor.ModernUI\FirstFloor.ModernUI.App\bin\Debug\FirstFloor.ModernUI.pdb = ..\..\..\Downloads\mui-master\mui-master\1.0\FirstFloor.ModernUI\FirstFloor.ModernUI.App\bin\Debug\FirstFloor.ModernUI.pdb
		..\..\..\Downloads\mui-master\mui-master\1.0\FirstFloor.ModernUI\FirstFloor.ModernUI.App\bin\Debug\Microsoft.Windows.Shell.dll = ..\..\..\Downloads\mui-master\mui-master\1.0\FirstFloor.ModernUI\FirstFloor.ModernUI.App\bin\Debug\Microsoft.Windows.Shell.dll
	EndProjectSection
EndProject
Project("{2150E333-8FDC-42A3-9474-1A3956D46DE8}") = "EntityFramework", "EntityFramework", "{28EDCEDE-D91E-463C-8B94-B0C06DBC00E2}"
EndProject
Project("{2150E333-8FDC-42A3-9474-1A3956D46DE8}") = "v6.2", "v6.2", "{FAB0C813-5B71-4D1A-96C6-958A3562CC33}"
	ProjectSection(SolutionItems) = preProject
		Libraries\EntityFramework\v6.2\EntityFramework.dll = Libraries\EntityFramework\v6.2\EntityFramework.dll
		Libraries\EntityFramework\v6.2\EntityFramework.SqlServer.dll = Libraries\EntityFramework\v6.2\EntityFramework.SqlServer.dll
	EndProjectSection
EndProject
Project("{2150E333-8FDC-42A3-9474-1A3956D46DE8}") = "Microsoft", "Microsoft", "{7D9942B6-1330-4376-B0BD-8866557FE112}"
	ProjectSection(SolutionItems) = preProject
		Libraries\Microsoft\Microsoft.Practices.ServiceLocation.dll = Libraries\Microsoft\Microsoft.Practices.ServiceLocation.dll
		Libraries\Microsoft\Microsoft.Practices.Unity.Configuration.dll = Libraries\Microsoft\Microsoft.Practices.Unity.Configuration.dll
		Libraries\Microsoft\Microsoft.Practices.Unity.dll = Libraries\Microsoft\Microsoft.Practices.Unity.dll
		Libraries\Microsoft\Microsoft.Practices.Unity.RegistrationByConvention.dll = Libraries\Microsoft\Microsoft.Practices.Unity.RegistrationByConvention.dll
		..\..\..\Downloads\CodeProject.OutlookNavi\CodeProject.OutlookNavi\CodeProject.OutlookNavi\PresentationFramework.Classic.dll = ..\..\..\Downloads\CodeProject.OutlookNavi\CodeProject.OutlookNavi\CodeProject.OutlookNavi\PresentationFramework.Classic.dll
		Libraries\Microsoft\System.Windows.Interactivity.dll = Libraries\Microsoft\System.Windows.Interactivity.dll
	EndProjectSection
EndProject
Project("{FAE04EC0-301F-11D3-BF4B-00C04F79EFBC}") = "App", "Tests\App\App.csproj", "{F5C153C7-9FD8-49E6-94E6-F72D46FFFAAA}"
EndProject
Project("{FAE04EC0-301F-11D3-BF4B-00C04F79EFBC}") = "Repository", "Data\Repository\Repository.csproj", "{29A6DFC8-6D7E-43B6-A29A-4C270236D41E}"
EndProject
Project("{FAE04EC0-301F-11D3-BF4B-00C04F79EFBC}") = "Products", "Modules\Products\Products.csproj", "{276E4570-01BF-4436-88FA-30E46966DA93}"
EndProject
Project("{FAE04EC0-301F-11D3-BF4B-00C04F79EFBC}") = "Customers", "Modules\Customers\Customers.csproj", "{4FCE2371-F120-4F5D-9EAA-FDB1928F142A}"
EndProject
Project("{2150E333-8FDC-42A3-9474-1A3956D46DE8}") = "FabTabControl", "FabTabControl", "{5A2A57EC-416B-4DB9-B03E-1F967048EB6B}"
	ProjectSection(SolutionItems) = preProject
		..\..\..\Downloads\fabtab\sourceCode\sourceCode\bin\FabTab.dll = ..\..\..\Downloads\fabtab\sourceCode\sourceCode\bin\FabTab.dll
	EndProjectSection
EndProject
Project("{2150E333-8FDC-42A3-9474-1A3956D46DE8}") = "ModernChrome", "ModernChrome", "{38DBE5DB-6B58-411C-AA67-5F8409704EF5}"
EndProject
Project("{2150E333-8FDC-42A3-9474-1A3956D46DE8}") = "Net45", "Net45", "{2EFDC2E6-F315-4C18-930C-56A053D36DBB}"
	ProjectSection(SolutionItems) = preProject
		Libraries\ModernChrome\Net45\ControlzEx.dll = Libraries\ModernChrome\Net45\ControlzEx.dll
		Libraries\ModernChrome\Net45\MahApps.Metro.dll = Libraries\ModernChrome\Net45\MahApps.Metro.dll
		Libraries\ModernChrome\Net45\ModernChrome.dll = Libraries\ModernChrome\Net45\ModernChrome.dll
	EndProjectSection
EndProject
Project("{2150E333-8FDC-42A3-9474-1A3956D46DE8}") = "Services", "Services", "{881FE7A9-AC48-4630-A66A-2E4A538CB601}"
	ProjectSection(SolutionItems) = preProject
		ContentToMarginConverter.cs = ContentToMarginConverter.cs
		ContentToPathConverter.cs = ContentToPathConverter.cs
		TabControlTemplate.cs = TabControlTemplate.cs
	EndProjectSection
EndProject
Project("{2150E333-8FDC-42A3-9474-1A3956D46DE8}") = "ChromeTab", "ChromeTab", "{BFA58489-FAA7-4B05-9167-6E3E55ECCE4F}"
	ProjectSection(SolutionItems) = preProject
		Libraries\ChromeTab\ChromeTabs.dll = Libraries\ChromeTab\ChromeTabs.dll
	EndProjectSection
EndProject
Global
	GlobalSection(SolutionConfigurationPlatforms) = preSolution
		Debug|Any CPU = Debug|Any CPU
		Debug|x86 = Debug|x86
		Release|Any CPU = Release|Any CPU
		Release|x86 = Release|x86
	EndGlobalSection
	GlobalSection(ProjectConfigurationPlatforms) = postSolution
		{401789BA-74E1-4771-B74C-B98041214EDB}.Debug|Any CPU.ActiveCfg = Debug|Any CPU
		{401789BA-74E1-4771-B74C-B98041214EDB}.Debug|Any CPU.Build.0 = Debug|Any CPU
		{401789BA-74E1-4771-B74C-B98041214EDB}.Debug|x86.ActiveCfg = Debug|x86
		{401789BA-74E1-4771-B74C-B98041214EDB}.Debug|x86.Build.0 = Debug|x86
		{401789BA-74E1-4771-B74C-B98041214EDB}.Release|Any CPU.ActiveCfg = Release|Any CPU
		{401789BA-74E1-4771-B74C-B98041214EDB}.Release|Any CPU.Build.0 = Release|Any CPU
		{401789BA-74E1-4771-B74C-B98041214EDB}.Release|x86.ActiveCfg = Release|x86
		{401789BA-74E1-4771-B74C-B98041214EDB}.Release|x86.Build.0 = Release|x86
		{C3ED26F5-9752-4E11-A457-890C88F4E8DF}.Debug|Any CPU.ActiveCfg = Debug|Any CPU
		{C3ED26F5-9752-4E11-A457-890C88F4E8DF}.Debug|Any CPU.Build.0 = Debug|Any CPU
		{C3ED26F5-9752-4E11-A457-890C88F4E8DF}.Debug|x86.ActiveCfg = Debug|x86
		{C3ED26F5-9752-4E11-A457-890C88F4E8DF}.Debug|x86.Build.0 = Debug|x86
		{C3ED26F5-9752-4E11-A457-890C88F4E8DF}.Release|Any CPU.ActiveCfg = Release|Any CPU
		{C3ED26F5-9752-4E11-A457-890C88F4E8DF}.Release|Any CPU.Build.0 = Release|Any CPU
		{C3ED26F5-9752-4E11-A457-890C88F4E8DF}.Release|x86.ActiveCfg = Release|x86
		{C3ED26F5-9752-4E11-A457-890C88F4E8DF}.Release|x86.Build.0 = Release|x86
		{96B9DB32-1279-4346-92DD-EEAC1B594A2A}.Debug|Any CPU.ActiveCfg = Debug|Any CPU
		{96B9DB32-1279-4346-92DD-EEAC1B594A2A}.Debug|Any CPU.Build.0 = Debug|Any CPU
		{96B9DB32-1279-4346-92DD-EEAC1B594A2A}.Debug|x86.ActiveCfg = Debug|x86
		{96B9DB32-1279-4346-92DD-EEAC1B594A2A}.Debug|x86.Build.0 = Debug|x86
		{96B9DB32-1279-4346-92DD-EEAC1B594A2A}.Release|Any CPU.ActiveCfg = Release|Any CPU
		{96B9DB32-1279-4346-92DD-EEAC1B594A2A}.Release|Any CPU.Build.0 = Release|Any CPU
		{96B9DB32-1279-4346-92DD-EEAC1B594A2A}.Release|x86.ActiveCfg = Release|x86
		{96B9DB32-1279-4346-92DD-EEAC1B594A2A}.Release|x86.Build.0 = Release|x86
		{A4A08976-3E7A-4BAC-A940-D76A4D3023DF}.Debug|Any CPU.ActiveCfg = Debug|Any CPU
		{A4A08976-3E7A-4BAC-A940-D76A4D3023DF}.Debug|Any CPU.Build.0 = Debug|Any CPU
		{A4A08976-3E7A-4BAC-A940-D76A4D3023DF}.Debug|x86.ActiveCfg = Debug|x86
		{A4A08976-3E7A-4BAC-A940-D76A4D3023DF}.Debug|x86.Build.0 = Debug|x86
		{A4A08976-3E7A-4BAC-A940-D76A4D3023DF}.Release|Any CPU.ActiveCfg = Release|Any CPU
		{A4A08976-3E7A-4BAC-A940-D76A4D3023DF}.Release|Any CPU.Build.0 = Release|Any CPU
		{A4A08976-3E7A-4BAC-A940-D76A4D3023DF}.Release|x86.ActiveCfg = Release|x86
		{A4A08976-3E7A-4BAC-A940-D76A4D3023DF}.Release|x86.Build.0 = Release|x86
		{88E1FD77-3516-4792-8B65-37AE69604B73}.Debug|Any CPU.ActiveCfg = Debug|Any CPU
		{88E1FD77-3516-4792-8B65-37AE69604B73}.Debug|Any CPU.Build.0 = Debug|Any CPU
		{88E1FD77-3516-4792-8B65-37AE69604B73}.Debug|x86.ActiveCfg = Debug|x86
		{88E1FD77-3516-4792-8B65-37AE69604B73}.Debug|x86.Build.0 = Debug|x86
		{88E1FD77-3516-4792-8B65-37AE69604B73}.Release|Any CPU.ActiveCfg = Release|Any CPU
		{88E1FD77-3516-4792-8B65-37AE69604B73}.Release|Any CPU.Build.0 = Release|Any CPU
		{88E1FD77-3516-4792-8B65-37AE69604B73}.Release|x86.ActiveCfg = Release|x86
		{88E1FD77-3516-4792-8B65-37AE69604B73}.Release|x86.Build.0 = Release|x86
		{41048E5D-3A41-4842-AB6E-CB10025D2D63}.Debug|Any CPU.ActiveCfg = Debug|Any CPU
		{41048E5D-3A41-4842-AB6E-CB10025D2D63}.Debug|Any CPU.Build.0 = Debug|Any CPU
		{41048E5D-3A41-4842-AB6E-CB10025D2D63}.Debug|x86.ActiveCfg = Debug|x86
		{41048E5D-3A41-4842-AB6E-CB10025D2D63}.Debug|x86.Build.0 = Debug|x86
		{41048E5D-3A41-4842-AB6E-CB10025D2D63}.Release|Any CPU.ActiveCfg = Release|Any CPU
		{41048E5D-3A41-4842-AB6E-CB10025D2D63}.Release|Any CPU.Build.0 = Release|Any CPU
		{41048E5D-3A41-4842-AB6E-CB10025D2D63}.Release|x86.ActiveCfg = Release|x86
		{41048E5D-3A41-4842-AB6E-CB10025D2D63}.Release|x86.Build.0 = Release|x86
		{F94E0038-730E-4626-8783-4E93CCD086A4}.Debug|Any CPU.ActiveCfg = Debug|Any CPU
		{F94E0038-730E-4626-8783-4E93CCD086A4}.Debug|Any CPU.Build.0 = Debug|Any CPU
		{F94E0038-730E-4626-8783-4E93CCD086A4}.Debug|x86.ActiveCfg = Debug|x86
		{F94E0038-730E-4626-8783-4E93CCD086A4}.Debug|x86.Build.0 = Debug|x86
		{F94E0038-730E-4626-8783-4E93CCD086A4}.Release|Any CPU.ActiveCfg = Release|Any CPU
		{F94E0038-730E-4626-8783-4E93CCD086A4}.Release|Any CPU.Build.0 = Release|Any CPU
		{F94E0038-730E-4626-8783-4E93CCD086A4}.Release|x86.ActiveCfg = Release|x86
		{F94E0038-730E-4626-8783-4E93CCD086A4}.Release|x86.Build.0 = Release|x86
		{37E57D2B-85D1-4BF8-80C3-8DCF0078963B}.Debug|Any CPU.ActiveCfg = Debug|Any CPU
		{37E57D2B-85D1-4BF8-80C3-8DCF0078963B}.Debug|Any CPU.Build.0 = Debug|Any CPU
		{37E57D2B-85D1-4BF8-80C3-8DCF0078963B}.Debug|x86.ActiveCfg = Debug|x86
		{37E57D2B-85D1-4BF8-80C3-8DCF0078963B}.Debug|x86.Build.0 = Debug|x86
		{37E57D2B-85D1-4BF8-80C3-8DCF0078963B}.Release|Any CPU.ActiveCfg = Release|Any CPU
		{37E57D2B-85D1-4BF8-80C3-8DCF0078963B}.Release|Any CPU.Build.0 = Release|Any CPU
		{37E57D2B-85D1-4BF8-80C3-8DCF0078963B}.Release|x86.ActiveCfg = Release|x86
		{37E57D2B-85D1-4BF8-80C3-8DCF0078963B}.Release|x86.Build.0 = Release|x86
		{76BAD986-E969-4B89-82CF-0B3432AD7ACE}.Debug|Any CPU.ActiveCfg = Debug|Any CPU
		{76BAD986-E969-4B89-82CF-0B3432AD7ACE}.Debug|Any CPU.Build.0 = Debug|Any CPU
		{76BAD986-E969-4B89-82CF-0B3432AD7ACE}.Debug|x86.ActiveCfg = Debug|x86
		{76BAD986-E969-4B89-82CF-0B3432AD7ACE}.Debug|x86.Build.0 = Debug|x86
		{76BAD986-E969-4B89-82CF-0B3432AD7ACE}.Release|Any CPU.ActiveCfg = Release|Any CPU
		{76BAD986-E969-4B89-82CF-0B3432AD7ACE}.Release|Any CPU.Build.0 = Release|Any CPU
		{76BAD986-E969-4B89-82CF-0B3432AD7ACE}.Release|x86.ActiveCfg = Release|x86
		{76BAD986-E969-4B89-82CF-0B3432AD7ACE}.Release|x86.Build.0 = Release|x86
		{A2CE5CED-FE1A-4813-9D64-31334275A2F5}.Debug|Any CPU.ActiveCfg = Debug|Any CPU
		{A2CE5CED-FE1A-4813-9D64-31334275A2F5}.Debug|Any CPU.Build.0 = Debug|Any CPU
		{A2CE5CED-FE1A-4813-9D64-31334275A2F5}.Debug|x86.ActiveCfg = Debug|x86
		{A2CE5CED-FE1A-4813-9D64-31334275A2F5}.Debug|x86.Build.0 = Debug|x86
		{A2CE5CED-FE1A-4813-9D64-31334275A2F5}.Release|Any CPU.ActiveCfg = Release|Any CPU
		{A2CE5CED-FE1A-4813-9D64-31334275A2F5}.Release|Any CPU.Build.0 = Release|Any CPU
		{A2CE5CED-FE1A-4813-9D64-31334275A2F5}.Release|x86.ActiveCfg = Release|x86
		{A2CE5CED-FE1A-4813-9D64-31334275A2F5}.Release|x86.Build.0 = Release|x86
		{BAD09508-ED50-4DDB-B25D-671FFC9C24F5}.Debug|Any CPU.ActiveCfg = Debug|Any CPU
		{BAD09508-ED50-4DDB-B25D-671FFC9C24F5}.Debug|Any CPU.Build.0 = Debug|Any CPU
		{BAD09508-ED50-4DDB-B25D-671FFC9C24F5}.Debug|x86.ActiveCfg = Debug|x86
		{BAD09508-ED50-4DDB-B25D-671FFC9C24F5}.Debug|x86.Build.0 = Debug|x86
		{BAD09508-ED50-4DDB-B25D-671FFC9C24F5}.Release|Any CPU.ActiveCfg = Release|Any CPU
		{BAD09508-ED50-4DDB-B25D-671FFC9C24F5}.Release|Any CPU.Build.0 = Release|Any CPU
		{BAD09508-ED50-4DDB-B25D-671FFC9C24F5}.Release|x86.ActiveCfg = Release|x86
		{BAD09508-ED50-4DDB-B25D-671FFC9C24F5}.Release|x86.Build.0 = Release|x86
		{F5C153C7-9FD8-49E6-94E6-F72D46FFFAAA}.Debug|Any CPU.ActiveCfg = Debug|Any CPU
		{F5C153C7-9FD8-49E6-94E6-F72D46FFFAAA}.Debug|Any CPU.Build.0 = Debug|Any CPU
		{F5C153C7-9FD8-49E6-94E6-F72D46FFFAAA}.Debug|x86.ActiveCfg = Debug|Any CPU
		{F5C153C7-9FD8-49E6-94E6-F72D46FFFAAA}.Debug|x86.Build.0 = Debug|Any CPU
		{F5C153C7-9FD8-49E6-94E6-F72D46FFFAAA}.Release|Any CPU.ActiveCfg = Release|Any CPU
		{F5C153C7-9FD8-49E6-94E6-F72D46FFFAAA}.Release|Any CPU.Build.0 = Release|Any CPU
		{F5C153C7-9FD8-49E6-94E6-F72D46FFFAAA}.Release|x86.ActiveCfg = Release|Any CPU
		{F5C153C7-9FD8-49E6-94E6-F72D46FFFAAA}.Release|x86.Build.0 = Release|Any CPU
		{29A6DFC8-6D7E-43B6-A29A-4C270236D41E}.Debug|Any CPU.ActiveCfg = Debug|Any CPU
		{29A6DFC8-6D7E-43B6-A29A-4C270236D41E}.Debug|Any CPU.Build.0 = Debug|Any CPU
		{29A6DFC8-6D7E-43B6-A29A-4C270236D41E}.Debug|x86.ActiveCfg = Debug|Any CPU
		{29A6DFC8-6D7E-43B6-A29A-4C270236D41E}.Debug|x86.Build.0 = Debug|Any CPU
		{29A6DFC8-6D7E-43B6-A29A-4C270236D41E}.Release|Any CPU.ActiveCfg = Release|Any CPU
		{29A6DFC8-6D7E-43B6-A29A-4C270236D41E}.Release|Any CPU.Build.0 = Release|Any CPU
		{29A6DFC8-6D7E-43B6-A29A-4C270236D41E}.Release|x86.ActiveCfg = Release|Any CPU
		{29A6DFC8-6D7E-43B6-A29A-4C270236D41E}.Release|x86.Build.0 = Release|Any CPU
		{276E4570-01BF-4436-88FA-30E46966DA93}.Debug|Any CPU.ActiveCfg = Debug|Any CPU
		{276E4570-01BF-4436-88FA-30E46966DA93}.Debug|Any CPU.Build.0 = Debug|Any CPU
		{276E4570-01BF-4436-88FA-30E46966DA93}.Debug|x86.ActiveCfg = Debug|Any CPU
		{276E4570-01BF-4436-88FA-30E46966DA93}.Debug|x86.Build.0 = Debug|Any CPU
		{276E4570-01BF-4436-88FA-30E46966DA93}.Release|Any CPU.ActiveCfg = Release|Any CPU
		{276E4570-01BF-4436-88FA-30E46966DA93}.Release|Any CPU.Build.0 = Release|Any CPU
		{276E4570-01BF-4436-88FA-30E46966DA93}.Release|x86.ActiveCfg = Release|Any CPU
		{276E4570-01BF-4436-88FA-30E46966DA93}.Release|x86.Build.0 = Release|Any CPU
		{4FCE2371-F120-4F5D-9EAA-FDB1928F142A}.Debug|Any CPU.ActiveCfg = Debug|Any CPU
		{4FCE2371-F120-4F5D-9EAA-FDB1928F142A}.Debug|Any CPU.Build.0 = Debug|Any CPU
		{4FCE2371-F120-4F5D-9EAA-FDB1928F142A}.Debug|x86.ActiveCfg = Debug|Any CPU
		{4FCE2371-F120-4F5D-9EAA-FDB1928F142A}.Debug|x86.Build.0 = Debug|Any CPU
		{4FCE2371-F120-4F5D-9EAA-FDB1928F142A}.Release|Any CPU.ActiveCfg = Release|Any CPU
		{4FCE2371-F120-4F5D-9EAA-FDB1928F142A}.Release|Any CPU.Build.0 = Release|Any CPU
		{4FCE2371-F120-4F5D-9EAA-FDB1928F142A}.Release|x86.ActiveCfg = Release|Any CPU
		{4FCE2371-F120-4F5D-9EAA-FDB1928F142A}.Release|x86.Build.0 = Release|Any CPU
	EndGlobalSection
	GlobalSection(SolutionProperties) = preSolution
		HideSolutionNode = FALSE
	EndGlobalSection
	GlobalSection(NestedProjects) = preSolution
		{84B42A53-54B3-4E8F-B113-33C5AD6DEE45} = {E6EC03E6-BBB8-461E-AE2F-773A3A2D4886}
		{BA42DD71-2336-4F79-BECA-0F66640D7403} = {E6EC03E6-BBB8-461E-AE2F-773A3A2D4886}
		{15FF9F83-D2E4-42B8-9BF2-D0C19455D73B} = {84B42A53-54B3-4E8F-B113-33C5AD6DEE45}
		{401789BA-74E1-4771-B74C-B98041214EDB} = {450FFACB-2268-4B3A-9C74-74C88B7C0D01}
		{C3ED26F5-9752-4E11-A457-890C88F4E8DF} = {450FFACB-2268-4B3A-9C74-74C88B7C0D01}
		{96B9DB32-1279-4346-92DD-EEAC1B594A2A} = {450FFACB-2268-4B3A-9C74-74C88B7C0D01}
		{A4A08976-3E7A-4BAC-A940-D76A4D3023DF} = {450FFACB-2268-4B3A-9C74-74C88B7C0D01}
		{88E1FD77-3516-4792-8B65-37AE69604B73} = {450FFACB-2268-4B3A-9C74-74C88B7C0D01}
		{41048E5D-3A41-4842-AB6E-CB10025D2D63} = {450FFACB-2268-4B3A-9C74-74C88B7C0D01}
		{F94E0038-730E-4626-8783-4E93CCD086A4} = {450FFACB-2268-4B3A-9C74-74C88B7C0D01}
		{37E57D2B-85D1-4BF8-80C3-8DCF0078963B} = {450FFACB-2268-4B3A-9C74-74C88B7C0D01}
		{76BAD986-E969-4B89-82CF-0B3432AD7ACE} = {450FFACB-2268-4B3A-9C74-74C88B7C0D01}
		{A2CE5CED-FE1A-4813-9D64-31334275A2F5} = {450FFACB-2268-4B3A-9C74-74C88B7C0D01}
		{BAD09508-ED50-4DDB-B25D-671FFC9C24F5} = {79A62DC0-CF38-4BAD-B8EA-883F67CA207F}
		{833810C9-E188-49A8-823E-51EB7B214150} = {E6EC03E6-BBB8-461E-AE2F-773A3A2D4886}
		{28EDCEDE-D91E-463C-8B94-B0C06DBC00E2} = {E6EC03E6-BBB8-461E-AE2F-773A3A2D4886}
		{FAB0C813-5B71-4D1A-96C6-958A3562CC33} = {28EDCEDE-D91E-463C-8B94-B0C06DBC00E2}
		{7D9942B6-1330-4376-B0BD-8866557FE112} = {E6EC03E6-BBB8-461E-AE2F-773A3A2D4886}
		{F5C153C7-9FD8-49E6-94E6-F72D46FFFAAA} = {897A4E72-67DF-494C-B684-195581B33B06}
		{29A6DFC8-6D7E-43B6-A29A-4C270236D41E} = {D9A51349-2FC2-40AF-8D4D-D94517B17E63}
		{276E4570-01BF-4436-88FA-30E46966DA93} = {450FFACB-2268-4B3A-9C74-74C88B7C0D01}
		{4FCE2371-F120-4F5D-9EAA-FDB1928F142A} = {450FFACB-2268-4B3A-9C74-74C88B7C0D01}
		{5A2A57EC-416B-4DB9-B03E-1F967048EB6B} = {E6EC03E6-BBB8-461E-AE2F-773A3A2D4886}
		{38DBE5DB-6B58-411C-AA67-5F8409704EF5} = {E6EC03E6-BBB8-461E-AE2F-773A3A2D4886}
		{2EFDC2E6-F315-4C18-930C-56A053D36DBB} = {38DBE5DB-6B58-411C-AA67-5F8409704EF5}
		{BFA58489-FAA7-4B05-9167-6E3E55ECCE4F} = {E6EC03E6-BBB8-461E-AE2F-773A3A2D4886}
	EndGlobalSection
	GlobalSection(ExtensibilityGlobals) = postSolution
		SolutionGuid = {8E9FD721-C36B-42DF-8E7A-4D6F1915E11C}
	EndGlobalSection
EndGlobal
